{
  "nodes": {
    "nixpkgs": {
      "locked": {
        "lastModified": 1770413704,
        "narHash": "sha256-HIKzt4N/9KRpr1Xchz0pdN1LuL+cOsRb+GyYk6uj0ms=",
        "owner": "NixOS",
        "repo": "nixpkgs",
        "rev": "d41ed7678a2d2fa53028e9475924de1ecd75b396",
        "type": "github"
      },
      "original": {
        "owner": "NixOS",
        "repo": "nixpkgs",
        "type": "github"
      }
    },
    "root": {
      "inputs": {
        "nixpkgs": "nixpkgs"
      }
    }
  },
  "root": "root",
  "version": 7
}
