{
  "nodes": {
    "nixpkgs": {
      "locked": {
        "lastModified": 1764650569,
        "narHash": "sha256-Lp0J2cmliQle12HLwPl7fp/ppbHgk7gxOk26kJzLtXs=",
        "owner": "NixOS",
        "repo": "nixpkgs",
        "rev": "d672c646a32983b9eebdc6b9ab07c88d27ec54a6",
        "type": "github"
      },
      "original": {
        "owner": "NixOS",
        "repo": "nixpkgs",
        "type": "github"
      }
    },
    "root": {
      "inputs": {
        "nixpkgs": "nixpkgs"
      }
    }
  },
  "root": "root",
  "version": 7
}
